<?xml version="1.0" encoding="utf-8"?>
<Project ToolsVersion="4.0" xmlns="http://schemas.microsoft.com/developer/msbuild/2003">
  <ItemGroup>
    <Filter Include="源文件">
      <UniqueIdentifier>{4FC737F1-C7A5-4376-A066-2A32D752A2FF}</UniqueIdentifier>
      <Extensions>cpp;c;cc;cxx;def;odl;idl;hpj;bat;asm;asmx</Extensions>
    </Filter>
    <Filter Include="源文件\Devices">
      <UniqueIdentifier>{a567a87d-7fc6-4c44-bf3e-71ca71fd06e6}</UniqueIdentifier>
    </Filter>
    <Filter Include="源文件\Docs">
      <UniqueIdentifier>{90ad461b-d508-4ea6-b8d3-c8a81d7c8c45}</UniqueIdentifier>
    </Filter>
    <Filter Include="源文件\Kernel">
      <UniqueIdentifier>{c95b83c0-f356-4ac8-b66d-edf9a4573349}</UniqueIdentifier>
    </Filter>
    <Filter Include="源文件\Libraries">
      <UniqueIdentifier>{09473b41-af10-4e88-a125-96db71b6103e}</UniqueIdentifier>
    </Filter>
    <Filter Include="源文件\Tasks">
      <UniqueIdentifier>{41eb202d-d6a7-4832-aa17-63fa018ef055}</UniqueIdentifier>
    </Filter>
    <Filter Include="源文件\Devices\basic">
      <UniqueIdentifier>{16426c26-5709-49af-9495-3d899688221a}</UniqueIdentifier>
    </Filter>
    <Filter Include="源文件\Devices\battery">
      <UniqueIdentifier>{6671c893-e847-424c-88b8-58bc0ad904ea}</UniqueIdentifier>
    </Filter>
    <Filter Include="源文件\Devices\buzzer">
      <UniqueIdentifier>{2bdad687-87e1-4500-a049-7a353dd43234}</UniqueIdentifier>
    </Filter>
    <Filter Include="源文件\Devices\eeprom">
      <UniqueIdentifier>{23956f8b-0200-4bae-b5a0-307941c384a0}</UniqueIdentifier>
    </Filter>
    <Filter Include="源文件\Devices\flash">
      <UniqueIdentifier>{17d5025e-471c-432e-98c3-0752af59250c}</UniqueIdentifier>
    </Filter>
    <Filter Include="源文件\Devices\keys">
      <UniqueIdentifier>{a3fb9cb3-eb05-4296-b15f-b94f2b7d75cb}</UniqueIdentifier>
    </Filter>
    <Filter Include="源文件\Devices\lcd">
      <UniqueIdentifier>{8527f5ec-5051-4759-b405-8610b3c30036}</UniqueIdentifier>
    </Filter>
    <Filter Include="源文件\Devices\leds">
      <UniqueIdentifier>{1d7fee78-4ff1-43c2-bc54-7080b433e145}</UniqueIdentifier>
    </Filter>
    <Filter Include="源文件\Devices\metering">
      <UniqueIdentifier>{55b8e724-9f7a-4f58-81d4-c5a1fe541c88}</UniqueIdentifier>
    </Filter>
    <Filter Include="源文件\Devices\relay">
      <UniqueIdentifier>{e4202057-e185-420e-98d7-7bc80f41a74c}</UniqueIdentifier>
    </Filter>
    <Filter Include="源文件\Devices\rtc">
      <UniqueIdentifier>{b2d8d2ad-91ca-49a8-86ff-d5d093389492}</UniqueIdentifier>
    </Filter>
    <Filter Include="源文件\Devices\sensor">
      <UniqueIdentifier>{579ade12-ae5f-4b9b-a37c-5931a62dd65d}</UniqueIdentifier>
    </Filter>
    <Filter Include="源文件\Devices\serial">
      <UniqueIdentifier>{ba2a7d19-5210-4912-a0bb-f9388cd82ffb}</UniqueIdentifier>
    </Filter>
    <Filter Include="源文件\Libraries\Convert">
      <UniqueIdentifier>{e1fa065e-8d60-4ee1-822f-500d6457a1b8}</UniqueIdentifier>
    </Filter>
    <Filter Include="源文件\Libraries\Info">
      <UniqueIdentifier>{225ca2a6-8f4c-4a1f-8cab-4834fe1f9edc}</UniqueIdentifier>
    </Filter>
    <Filter Include="源文件\Libraries\Trace">
      <UniqueIdentifier>{99bd78e0-55ef-4563-a806-af4114ada0e4}</UniqueIdentifier>
    </Filter>
    <Filter Include="源文件\Libraries\Verify">
      <UniqueIdentifier>{8253aefe-e7ae-420d-a560-2e24211637b6}</UniqueIdentifier>
    </Filter>
    <Filter Include="源文件\Tasks\Calendar">
      <UniqueIdentifier>{ba41160a-5d5d-4655-a58f-3d0d68d45af0}</UniqueIdentifier>
    </Filter>
    <Filter Include="源文件\Tasks\Comm">
      <UniqueIdentifier>{108fad7c-91ca-447c-9cc1-eb5c3a900e63}</UniqueIdentifier>
    </Filter>
    <Filter Include="源文件\Tasks\Console">
      <UniqueIdentifier>{67df8299-4fab-4ab7-b582-48fc51b6d43e}</UniqueIdentifier>
    </Filter>
    <Filter Include="源文件\Tasks\Disconnect">
      <UniqueIdentifier>{5bd861f9-6348-4c24-83e2-f270a4a0beaf}</UniqueIdentifier>
    </Filter>
    <Filter Include="源文件\Tasks\Display">
      <UniqueIdentifier>{39f4cec6-05e3-49f2-880b-6c253846079a}</UniqueIdentifier>
    </Filter>
    <Filter Include="源文件\Tasks\Keyboard">
      <UniqueIdentifier>{ab5c1c44-7812-4547-92a7-836a9f4f8a20}</UniqueIdentifier>
    </Filter>
    <Filter Include="源文件\Tasks\Logger">
      <UniqueIdentifier>{2c7d4f8e-ce44-408e-8599-89b166dc9246}</UniqueIdentifier>
    </Filter>
    <Filter Include="源文件\Tasks\Metering">
      <UniqueIdentifier>{3dc9b795-a4be-49c8-9d61-8dfbf3018e00}</UniqueIdentifier>
    </Filter>
    <Filter Include="源文件\Tasks\Protocols">
      <UniqueIdentifier>{1708a18b-6550-4aeb-b06c-dbc039dd90ce}</UniqueIdentifier>
    </Filter>
    <Filter Include="源文件\Tasks\Tasks">
      <UniqueIdentifier>{6093a90d-4c38-4d13-897c-8a54481a2c76}</UniqueIdentifier>
    </Filter>
    <Filter Include="源文件\Tasks\Timed">
      <UniqueIdentifier>{a3e6bf35-ae42-47ca-9a8a-c26d27d8431d}</UniqueIdentifier>
    </Filter>
    <Filter Include="源文件\Tasks\Utilities">
      <UniqueIdentifier>{74a673f5-0ed3-474c-b978-2facb78ea199}</UniqueIdentifier>
    </Filter>
    <Filter Include="源文件\Devices\serial\low">
      <UniqueIdentifier>{3f90fe9c-5286-49f2-9723-4308578ee20c}</UniqueIdentifier>
    </Filter>
    <Filter Include="源文件\Devices\comm">
      <UniqueIdentifier>{c3a5969e-b539-4bed-b2a6-72c2437e514a}</UniqueIdentifier>
    </Filter>
    <Filter Include="源文件\Tasks\Protocols\Core">
      <UniqueIdentifier>{4a43f792-6f3a-409a-b501-f68fa84d3df7}</UniqueIdentifier>
    </Filter>
    <Filter Include="源文件\Tasks\Protocols\proto_dlms">
      <UniqueIdentifier>{0136a896-5235-4342-8880-e7b8fea75208}</UniqueIdentifier>
    </Filter>
    <Filter Include="源文件\Tasks\Protocols\proto_1107">
      <UniqueIdentifier>{e57055cd-678e-40c2-87b2-b7ce4cc1e2a8}</UniqueIdentifier>
    </Filter>
    <Filter Include="源文件\Tasks\Protocols\proto_dlt645">
      <UniqueIdentifier>{9748c95a-8b78-446c-bd2b-d35223104aca}</UniqueIdentifier>
    </Filter>
    <Filter Include="源文件\Tasks\Protocols\proto_dlt698">
      <UniqueIdentifier>{489a3b45-60d7-4298-9789-136288417466}</UniqueIdentifier>
    </Filter>
    <Filter Include="源文件\Tasks\Protocols\proto_modbus">
      <UniqueIdentifier>{c4026afc-4a96-4e66-8795-8132e470f58f}</UniqueIdentifier>
    </Filter>
    <Filter Include="源文件\Libraries\Mbed">
      <UniqueIdentifier>{487fa9b6-9239-46b6-b3b0-9863a605833f}</UniqueIdentifier>
    </Filter>
    <Filter Include="源文件\Libraries\Mbed\tls">
      <UniqueIdentifier>{38456480-3b18-4064-91f9-7592cd43c575}</UniqueIdentifier>
    </Filter>
    <Filter Include="源文件\Libraries\Lua">
      <UniqueIdentifier>{d987eb7e-fa8c-41d1-a029-467412087199}</UniqueIdentifier>
    </Filter>
  </ItemGroup>
  <ItemGroup>
    <ClCompile Include="..\..\..\Kernel\Src\disk.c">
      <Filter>源文件\Kernel</Filter>
    </ClCompile>
    <ClCompile Include="..\..\..\Kernel\Src\heap.c">
      <Filter>源文件\Kernel</Filter>
    </ClCompile>
    <ClCompile Include="..\..\..\Kernel\Src\kernel.c">
      <Filter>源文件\Kernel</Filter>
    </ClCompile>
    <ClCompile Include="..\..\..\Devices\metering\Src\meter.c">
      <Filter>源文件\Devices\metering</Filter>
    </ClCompile>
    <ClCompile Include="..\..\..\Libraries\Convert\Src\axdr.c">
      <Filter>源文件\Libraries\Convert</Filter>
    </ClCompile>
    <ClCompile Include="..\..\..\Devices\battery\Src\battery.c">
      <Filter>源文件\Devices\battery</Filter>
    </ClCompile>
    <ClCompile Include="..\..\..\Libraries\Convert\Src\bcd.c">
      <Filter>源文件\Libraries\Convert</Filter>
    </ClCompile>
    <ClCompile Include="..\..\..\Devices\sensor\Src\button.c">
      <Filter>源文件\Devices\sensor</Filter>
    </ClCompile>
    <ClCompile Include="..\..\..\Devices\buzzer\Src\buzzer.c">
      <Filter>源文件\Devices\buzzer</Filter>
    </ClCompile>
    <ClCompile Include="..\..\..\Devices\serial\Src\console.c">
      <Filter>源文件\Devices\serial</Filter>
    </ClCompile>
    <ClCompile Include="..\..\..\Devices\basic\Src\cpu.c">
      <Filter>源文件\Devices\basic</Filter>
    </ClCompile>
    <ClCompile Include="..\..\..\Libraries\Check\Src\crc.c">
      <Filter>源文件\Libraries\Verify</Filter>
    </ClCompile>
    <ClCompile Include="..\..\..\Devices\basic\Src\delay.c">
      <Filter>源文件\Devices\basic</Filter>
    </ClCompile>
    <ClCompile Include="..\..\..\Libraries\Check\Src\ecc.c">
      <Filter>源文件\Libraries\Verify</Filter>
    </ClCompile>
    <ClCompile Include="..\..\..\Devices\eeprom\Src\eeprom_1.c">
      <Filter>源文件\Devices\eeprom</Filter>
    </ClCompile>
    <ClCompile Include="..\..\..\Devices\eeprom\Src\eeprom_2.c">
      <Filter>源文件\Devices\eeprom</Filter>
    </ClCompile>
    <ClCompile Include="..\..\..\Libraries\Info\Src\info.c">
      <Filter>源文件\Libraries\Info</Filter>
    </ClCompile>
    <ClCompile Include="..\..\..\Devices\basic\Src\jiffy.c">
      <Filter>源文件\Devices\basic</Filter>
    </ClCompile>
    <ClCompile Include="..\..\..\Devices\keys\Src\keys.c">
      <Filter>源文件\Devices\keys</Filter>
    </ClCompile>
    <ClCompile Include="..\..\..\Devices\lcd\Src\lcd.c">
      <Filter>源文件\Devices\lcd</Filter>
    </ClCompile>
    <ClCompile Include="..\..\..\Devices\leds\Src\leds.c">
      <Filter>源文件\Devices\leds</Filter>
    </ClCompile>
    <ClCompile Include="..\..\..\Devices\sensor\Src\magnetic.c">
      <Filter>源文件\Devices\sensor</Filter>
    </ClCompile>
    <ClCompile Include="..\..\..\Devices\basic\Src\power.c">
      <Filter>源文件\Devices\basic</Filter>
    </ClCompile>
    <ClCompile Include="..\..\..\Devices\relay\Src\relay.c">
      <Filter>源文件\Devices\relay</Filter>
    </ClCompile>
    <ClCompile Include="..\..\..\Devices\serial\Src\rs485_1.c">
      <Filter>源文件\Devices\serial</Filter>
    </ClCompile>
    <ClCompile Include="..\..\..\Devices\serial\Src\rs485_2.c">
      <Filter>源文件\Devices\serial</Filter>
    </ClCompile>
    <ClCompile Include="..\..\..\Devices\rtc\Src\rtc.c">
      <Filter>源文件\Devices\rtc</Filter>
    </ClCompile>
    <ClCompile Include="..\..\..\Libraries\trace\Src\trace.c">
      <Filter>源文件\Libraries\Trace</Filter>
    </ClCompile>
    <ClCompile Include="..\..\..\Tasks\Tasks\Src\tasks.c">
      <Filter>源文件\Tasks\Tasks</Filter>
    </ClCompile>
    <ClCompile Include="..\..\..\Tasks\Calendar\Src\task_calendar.c">
      <Filter>源文件\Tasks\Calendar</Filter>
    </ClCompile>
    <ClCompile Include="..\..\..\Tasks\Comm\Src\task_comm.c">
      <Filter>源文件\Tasks\Comm</Filter>
    </ClCompile>
    <ClCompile Include="..\..\..\Tasks\Console\Src\task_console.c">
      <Filter>源文件\Tasks\Console</Filter>
    </ClCompile>
    <ClCompile Include="..\..\..\Tasks\Disconnect\Src\task_disconnect.c">
      <Filter>源文件\Tasks\Disconnect</Filter>
    </ClCompile>
    <ClCompile Include="..\..\..\Tasks\Display\Src\task_display.c">
      <Filter>源文件\Tasks\Display</Filter>
    </ClCompile>
    <ClCompile Include="..\..\..\Tasks\Keyboard\Src\task_keyboard.c">
      <Filter>源文件\Tasks\Keyboard</Filter>
    </ClCompile>
    <ClCompile Include="..\..\..\Tasks\Logger\Src\task_logger.c">
      <Filter>源文件\Tasks\Logger</Filter>
    </ClCompile>
    <ClCompile Include="..\..\..\Tasks\Metering\Src\task_metering.c">
      <Filter>源文件\Tasks\Metering</Filter>
    </ClCompile>
    <ClCompile Include="..\..\..\Tasks\Timed\Src\task_timed.c">
      <Filter>源文件\Tasks\Timed</Filter>
    </ClCompile>
    <ClCompile Include="..\..\..\Tasks\Utilities\Src\task_xmodem.c">
      <Filter>源文件\Tasks\Utilities</Filter>
    </ClCompile>
    <ClCompile Include="..\..\..\Devices\serial\Src\uart1.c">
      <Filter>源文件\Devices\serial\low</Filter>
    </ClCompile>
    <ClCompile Include="..\..\..\Devices\serial\Src\uart2.c">
      <Filter>源文件\Devices\serial\low</Filter>
    </ClCompile>
    <ClCompile Include="..\..\..\Devices\serial\Src\uart3.c">
      <Filter>源文件\Devices\serial\low</Filter>
    </ClCompile>
    <ClCompile Include="..\..\..\Devices\serial\Src\uart4.c">
      <Filter>源文件\Devices\serial\low</Filter>
    </ClCompile>
    <ClCompile Include="..\..\..\Devices\common\Src\comm_socket.c">
      <Filter>源文件\Devices\comm</Filter>
    </ClCompile>
    <ClCompile Include="..\..\..\Devices\eeprom\Src\eeprom.c">
      <Filter>源文件\Devices\eeprom</Filter>
    </ClCompile>
    <ClCompile Include="..\..\..\Devices\flash\Src\flash.c">
      <Filter>源文件\Devices\flash</Filter>
    </ClCompile>
    <ClCompile Include="..\..\..\Tasks\Protocols\Core\Src\task_protocol.c">
      <Filter>源文件\Tasks\Protocols\Core</Filter>
    </ClCompile>
    <ClCompile Include="..\..\..\Libraries\Mbed\tls\library\aes.c">
      <Filter>源文件\Libraries\Mbed\tls</Filter>
    </ClCompile>
    <ClCompile Include="..\..\..\Libraries\Mbed\tls\library\aesni.c">
      <Filter>源文件\Libraries\Mbed\tls</Filter>
    </ClCompile>
    <ClCompile Include="..\..\..\Libraries\Mbed\tls\library\arc4.c">
      <Filter>源文件\Libraries\Mbed\tls</Filter>
    </ClCompile>
    <ClCompile Include="..\..\..\Libraries\Mbed\tls\library\aria.c">
      <Filter>源文件\Libraries\Mbed\tls</Filter>
    </ClCompile>
    <ClCompile Include="..\..\..\Libraries\Mbed\tls\library\asn1parse.c">
      <Filter>源文件\Libraries\Mbed\tls</Filter>
    </ClCompile>
    <ClCompile Include="..\..\..\Libraries\Mbed\tls\library\asn1write.c">
      <Filter>源文件\Libraries\Mbed\tls</Filter>
    </ClCompile>
    <ClCompile Include="..\..\..\Libraries\Mbed\tls\library\base64.c">
      <Filter>源文件\Libraries\Mbed\tls</Filter>
    </ClCompile>
    <ClCompile Include="..\..\..\Libraries\Mbed\tls\library\bignum.c">
      <Filter>源文件\Libraries\Mbed\tls</Filter>
    </ClCompile>
    <ClCompile Include="..\..\..\Libraries\Mbed\tls\library\blowfish.c">
      <Filter>源文件\Libraries\Mbed\tls</Filter>
    </ClCompile>
    <ClCompile Include="..\..\..\Libraries\Mbed\tls\library\camellia.c">
      <Filter>源文件\Libraries\Mbed\tls</Filter>
    </ClCompile>
    <ClCompile Include="..\..\..\Libraries\Mbed\tls\library\ccm.c">
      <Filter>源文件\Libraries\Mbed\tls</Filter>
    </ClCompile>
    <ClCompile Include="..\..\..\Libraries\Mbed\tls\library\certs.c">
      <Filter>源文件\Libraries\Mbed\tls</Filter>
    </ClCompile>
    <ClCompile Include="..\..\..\Libraries\Mbed\tls\library\chacha20.c">
      <Filter>源文件\Libraries\Mbed\tls</Filter>
    </ClCompile>
    <ClCompile Include="..\..\..\Libraries\Mbed\tls\library\chachapoly.c">
      <Filter>源文件\Libraries\Mbed\tls</Filter>
    </ClCompile>
    <ClCompile Include="..\..\..\Libraries\Mbed\tls\library\cipher.c">
      <Filter>源文件\Libraries\Mbed\tls</Filter>
    </ClCompile>
    <ClCompile Include="..\..\..\Libraries\Mbed\tls\library\cipher_wrap.c">
      <Filter>源文件\Libraries\Mbed\tls</Filter>
    </ClCompile>
    <ClCompile Include="..\..\..\Libraries\Mbed\tls\library\cmac.c">
      <Filter>源文件\Libraries\Mbed\tls</Filter>
    </ClCompile>
    <ClCompile Include="..\..\..\Libraries\Mbed\tls\library\ctr_drbg.c">
      <Filter>源文件\Libraries\Mbed\tls</Filter>
    </ClCompile>
    <ClCompile Include="..\..\..\Libraries\Mbed\tls\library\debug.c">
      <Filter>源文件\Libraries\Mbed\tls</Filter>
    </ClCompile>
    <ClCompile Include="..\..\..\Libraries\Mbed\tls\library\des.c">
      <Filter>源文件\Libraries\Mbed\tls</Filter>
    </ClCompile>
    <ClCompile Include="..\..\..\Libraries\Mbed\tls\library\dhm.c">
      <Filter>源文件\Libraries\Mbed\tls</Filter>
    </ClCompile>
    <ClCompile Include="..\..\..\Libraries\Mbed\tls\library\ecdh.c">
      <Filter>源文件\Libraries\Mbed\tls</Filter>
    </ClCompile>
    <ClCompile Include="..\..\..\Libraries\Mbed\tls\library\ecdsa.c">
      <Filter>源文件\Libraries\Mbed\tls</Filter>
    </ClCompile>
    <ClCompile Include="..\..\..\Libraries\Mbed\tls\library\ecjpake.c">
      <Filter>源文件\Libraries\Mbed\tls</Filter>
    </ClCompile>
    <ClCompile Include="..\..\..\Libraries\Mbed\tls\library\ecp.c">
      <Filter>源文件\Libraries\Mbed\tls</Filter>
    </ClCompile>
    <ClCompile Include="..\..\..\Libraries\Mbed\tls\library\ecp_curves.c">
      <Filter>源文件\Libraries\Mbed\tls</Filter>
    </ClCompile>
    <ClCompile Include="..\..\..\Libraries\Mbed\tls\library\entropy.c">
      <Filter>源文件\Libraries\Mbed\tls</Filter>
    </ClCompile>
    <ClCompile Include="..\..\..\Libraries\Mbed\tls\library\entropy_poll.c">
      <Filter>源文件\Libraries\Mbed\tls</Filter>
    </ClCompile>
    <ClCompile Include="..\..\..\Libraries\Mbed\tls\library\error.c">
      <Filter>源文件\Libraries\Mbed\tls</Filter>
    </ClCompile>
    <ClCompile Include="..\..\..\Libraries\Mbed\tls\library\gcm.c">
      <Filter>源文件\Libraries\Mbed\tls</Filter>
    </ClCompile>
    <ClCompile Include="..\..\..\Libraries\Mbed\tls\library\havege.c">
      <Filter>源文件\Libraries\Mbed\tls</Filter>
    </ClCompile>
    <ClCompile Include="..\..\..\Libraries\Mbed\tls\library\hkdf.c">
      <Filter>源文件\Libraries\Mbed\tls</Filter>
    </ClCompile>
    <ClCompile Include="..\..\..\Libraries\Mbed\tls\library\hmac_drbg.c">
      <Filter>源文件\Libraries\Mbed\tls</Filter>
    </ClCompile>
    <ClCompile Include="..\..\..\Libraries\Mbed\tls\library\md.c">
      <Filter>源文件\Libraries\Mbed\tls</Filter>
    </ClCompile>
    <ClCompile Include="..\..\..\Libraries\Mbed\tls\library\md_wrap.c">
      <Filter>源文件\Libraries\Mbed\tls</Filter>
    </ClCompile>
    <ClCompile Include="..\..\..\Libraries\Mbed\tls\library\md2.c">
      <Filter>源文件\Libraries\Mbed\tls</Filter>
    </ClCompile>
    <ClCompile Include="..\..\..\Libraries\Mbed\tls\library\md4.c">
      <Filter>源文件\Libraries\Mbed\tls</Filter>
    </ClCompile>
    <ClCompile Include="..\..\..\Libraries\Mbed\tls\library\md5.c">
      <Filter>源文件\Libraries\Mbed\tls</Filter>
    </ClCompile>
    <ClCompile Include="..\..\..\Libraries\Mbed\tls\library\memory_buffer_alloc.c">
      <Filter>源文件\Libraries\Mbed\tls</Filter>
    </ClCompile>
    <ClCompile Include="..\..\..\Libraries\Mbed\tls\library\net_sockets.c">
      <Filter>源文件\Libraries\Mbed\tls</Filter>
    </ClCompile>
    <ClCompile Include="..\..\..\Libraries\Mbed\tls\library\nist_kw.c">
      <Filter>源文件\Libraries\Mbed\tls</Filter>
    </ClCompile>
    <ClCompile Include="..\..\..\Libraries\Mbed\tls\library\oid.c">
      <Filter>源文件\Libraries\Mbed\tls</Filter>
    </ClCompile>
    <ClCompile Include="..\..\..\Libraries\Mbed\tls\library\padlock.c">
      <Filter>源文件\Libraries\Mbed\tls</Filter>
    </ClCompile>
    <ClCompile Include="..\..\..\Libraries\Mbed\tls\library\pem.c">
      <Filter>源文件\Libraries\Mbed\tls</Filter>
    </ClCompile>
    <ClCompile Include="..\..\..\Libraries\Mbed\tls\library\pk.c">
      <Filter>源文件\Libraries\Mbed\tls</Filter>
    </ClCompile>
    <ClCompile Include="..\..\..\Libraries\Mbed\tls\library\pk_wrap.c">
      <Filter>源文件\Libraries\Mbed\tls</Filter>
    </ClCompile>
    <ClCompile Include="..\..\..\Libraries\Mbed\tls\library\pkcs5.c">
      <Filter>源文件\Libraries\Mbed\tls</Filter>
    </ClCompile>
    <ClCompile Include="..\..\..\Libraries\Mbed\tls\library\pkcs11.c">
      <Filter>源文件\Libraries\Mbed\tls</Filter>
    </ClCompile>
    <ClCompile Include="..\..\..\Libraries\Mbed\tls\library\pkcs12.c">
      <Filter>源文件\Libraries\Mbed\tls</Filter>
    </ClCompile>
    <ClCompile Include="..\..\..\Libraries\Mbed\tls\library\pkparse.c">
      <Filter>源文件\Libraries\Mbed\tls</Filter>
    </ClCompile>
    <ClCompile Include="..\..\..\Libraries\Mbed\tls\library\pkwrite.c">
      <Filter>源文件\Libraries\Mbed\tls</Filter>
    </ClCompile>
    <ClCompile Include="..\..\..\Libraries\Mbed\tls\library\platform.c">
      <Filter>源文件\Libraries\Mbed\tls</Filter>
    </ClCompile>
    <ClCompile Include="..\..\..\Libraries\Mbed\tls\library\platform_util.c">
      <Filter>源文件\Libraries\Mbed\tls</Filter>
    </ClCompile>
    <ClCompile Include="..\..\..\Libraries\Mbed\tls\library\poly1305.c">
      <Filter>源文件\Libraries\Mbed\tls</Filter>
    </ClCompile>
    <ClCompile Include="..\..\..\Libraries\Mbed\tls\library\ripemd160.c">
      <Filter>源文件\Libraries\Mbed\tls</Filter>
    </ClCompile>
    <ClCompile Include="..\..\..\Libraries\Mbed\tls\library\rsa.c">
      <Filter>源文件\Libraries\Mbed\tls</Filter>
    </ClCompile>
    <ClCompile Include="..\..\..\Libraries\Mbed\tls\library\rsa_internal.c">
      <Filter>源文件\Libraries\Mbed\tls</Filter>
    </ClCompile>
    <ClCompile Include="..\..\..\Libraries\Mbed\tls\library\sha1.c">
      <Filter>源文件\Libraries\Mbed\tls</Filter>
    </ClCompile>
    <ClCompile Include="..\..\..\Libraries\Mbed\tls\library\sha256.c">
      <Filter>源文件\Libraries\Mbed\tls</Filter>
    </ClCompile>
    <ClCompile Include="..\..\..\Libraries\Mbed\tls\library\sha512.c">
      <Filter>源文件\Libraries\Mbed\tls</Filter>
    </ClCompile>
    <ClCompile Include="..\..\..\Libraries\Mbed\tls\library\ssl_cache.c">
      <Filter>源文件\Libraries\Mbed\tls</Filter>
    </ClCompile>
    <ClCompile Include="..\..\..\Libraries\Mbed\tls\library\ssl_ciphersuites.c">
      <Filter>源文件\Libraries\Mbed\tls</Filter>
    </ClCompile>
    <ClCompile Include="..\..\..\Libraries\Mbed\tls\library\ssl_cli.c">
      <Filter>源文件\Libraries\Mbed\tls</Filter>
    </ClCompile>
    <ClCompile Include="..\..\..\Libraries\Mbed\tls\library\ssl_cookie.c">
      <Filter>源文件\Libraries\Mbed\tls</Filter>
    </ClCompile>
    <ClCompile Include="..\..\..\Libraries\Mbed\tls\library\ssl_srv.c">
      <Filter>源文件\Libraries\Mbed\tls</Filter>
    </ClCompile>
    <ClCompile Include="..\..\..\Libraries\Mbed\tls\library\ssl_ticket.c">
      <Filter>源文件\Libraries\Mbed\tls</Filter>
    </ClCompile>
    <ClCompile Include="..\..\..\Libraries\Mbed\tls\library\ssl_tls.c">
      <Filter>源文件\Libraries\Mbed\tls</Filter>
    </ClCompile>
    <ClCompile Include="..\..\..\Libraries\Mbed\tls\library\threading.c">
      <Filter>源文件\Libraries\Mbed\tls</Filter>
    </ClCompile>
    <ClCompile Include="..\..\..\Libraries\Mbed\tls\library\timing.c">
      <Filter>源文件\Libraries\Mbed\tls</Filter>
    </ClCompile>
    <ClCompile Include="..\..\..\Libraries\Mbed\tls\library\version.c">
      <Filter>源文件\Libraries\Mbed\tls</Filter>
    </ClCompile>
    <ClCompile Include="..\..\..\Libraries\Mbed\tls\library\version_features.c">
      <Filter>源文件\Libraries\Mbed\tls</Filter>
    </ClCompile>
    <ClCompile Include="..\..\..\Libraries\Mbed\tls\library\x509.c">
      <Filter>源文件\Libraries\Mbed\tls</Filter>
    </ClCompile>
    <ClCompile Include="..\..\..\Libraries\Mbed\tls\library\x509_create.c">
      <Filter>源文件\Libraries\Mbed\tls</Filter>
    </ClCompile>
    <ClCompile Include="..\..\..\Libraries\Mbed\tls\library\x509_crl.c">
      <Filter>源文件\Libraries\Mbed\tls</Filter>
    </ClCompile>
    <ClCompile Include="..\..\..\Libraries\Mbed\tls\library\x509_crt.c">
      <Filter>源文件\Libraries\Mbed\tls</Filter>
    </ClCompile>
    <ClCompile Include="..\..\..\Libraries\Mbed\tls\library\x509_csr.c">
      <Filter>源文件\Libraries\Mbed\tls</Filter>
    </ClCompile>
    <ClCompile Include="..\..\..\Libraries\Mbed\tls\library\x509write_crt.c">
      <Filter>源文件\Libraries\Mbed\tls</Filter>
    </ClCompile>
    <ClCompile Include="..\..\..\Libraries\Mbed\tls\library\x509write_csr.c">
      <Filter>源文件\Libraries\Mbed\tls</Filter>
    </ClCompile>
    <ClCompile Include="..\..\..\Libraries\Mbed\tls\library\xtea.c">
      <Filter>源文件\Libraries\Mbed\tls</Filter>
    </ClCompile>
    <ClCompile Include="..\..\..\Tasks\Protocols\Core\Src\vm_protocol.c">
      <Filter>源文件\Tasks\Protocols\Core</Filter>
    </ClCompile>
    <ClCompile Include="..\..\..\Tasks\Protocols\proto_dlms\Src\cosem_objects.c">
      <Filter>源文件\Tasks\Protocols\proto_dlms</Filter>
    </ClCompile>
    <ClCompile Include="..\..\..\Tasks\Protocols\proto_dlms\Src\cosem_objects_association.c">
      <Filter>源文件\Tasks\Protocols\proto_dlms</Filter>
    </ClCompile>
    <ClCompile Include="..\..\..\Tasks\Protocols\proto_dlms\Src\cosem_objects_clock.c">
      <Filter>源文件\Tasks\Protocols\proto_dlms</Filter>
    </ClCompile>
    <ClCompile Include="..\..\..\Tasks\Protocols\proto_dlms\Src\cosem_objects_data.c">
      <Filter>源文件\Tasks\Protocols\proto_dlms</Filter>
    </ClCompile>
    <ClCompile Include="..\..\..\Tasks\Protocols\proto_dlms\Src\cosem_objects_extendedregister.c">
      <Filter>源文件\Tasks\Protocols\proto_dlms</Filter>
    </ClCompile>
    <ClCompile Include="..\..\..\Tasks\Protocols\proto_dlms\Src\cosem_objects_hdlc_setup.c">
      <Filter>源文件\Tasks\Protocols\proto_dlms</Filter>
    </ClCompile>
    <ClCompile Include="..\..\..\Tasks\Protocols\proto_dlms\Src\cosem_objects_register.c">
      <Filter>源文件\Tasks\Protocols\proto_dlms</Filter>
    </ClCompile>
    <ClCompile Include="..\..\..\Tasks\Protocols\proto_dlms\Src\dlms_application.c">
      <Filter>源文件\Tasks\Protocols\proto_dlms</Filter>
    </ClCompile>
    <ClCompile Include="..\..\..\Tasks\Protocols\proto_dlms\Src\dlms_association.c">
      <Filter>源文件\Tasks\Protocols\proto_dlms</Filter>
    </ClCompile>
    <ClCompile Include="..\..\..\Tasks\Protocols\proto_dlms\Src\dlms_lexicon.c">
      <Filter>源文件\Tasks\Protocols\proto_dlms</Filter>
    </ClCompile>
    <ClCompile Include="..\..\..\Tasks\Protocols\proto_dlms\Src\dlms_utilities.c">
      <Filter>源文件\Tasks\Protocols\proto_dlms</Filter>
    </ClCompile>
    <ClCompile Include="..\..\..\Tasks\Protocols\proto_dlms\Src\hdlc_datalink.c">
      <Filter>源文件\Tasks\Protocols\proto_dlms</Filter>
    </ClCompile>
    <ClCompile Include="..\..\..\Tasks\Protocols\proto_dlms\Src\proto_dlms.c">
      <Filter>源文件\Tasks\Protocols\proto_dlms</Filter>
    </ClCompile>
    <ClCompile Include="..\..\..\Tasks\Timed\Src\vm_timed.c">
      <Filter>源文件\Tasks\Timed</Filter>
    </ClCompile>
    <ClCompile Include="..\..\..\Tasks\Utilities\Src\vm_xmodem.c">
      <Filter>源文件\Tasks\Utilities</Filter>
    </ClCompile>
    <ClCompile Include="..\..\..\Tasks\Metering\Src\vm_metering.c">
      <Filter>源文件\Tasks\Metering</Filter>
    </ClCompile>
    <ClCompile Include="..\..\..\Tasks\Logger\Src\vm_logger.c">
      <Filter>源文件\Tasks\Logger</Filter>
    </ClCompile>
    <ClCompile Include="..\..\..\Tasks\Keyboard\Src\vm_keyboard.c">
      <Filter>源文件\Tasks\Keyboard</Filter>
    </ClCompile>
    <ClCompile Include="..\..\..\Tasks\Display\Src\vm_display.c">
      <Filter>源文件\Tasks\Display</Filter>
    </ClCompile>
    <ClCompile Include="..\..\..\Tasks\Disconnect\Src\vm_disconnect.c">
      <Filter>源文件\Tasks\Disconnect</Filter>
    </ClCompile>
    <ClCompile Include="..\..\..\Tasks\Comm\Src\vm_comm.c">
      <Filter>源文件\Tasks\Comm</Filter>
    </ClCompile>
    <ClCompile Include="..\..\..\Tasks\Calendar\Src\vm_calendar.c">
      <Filter>源文件\Tasks\Calendar</Filter>
    </ClCompile>
    <ClCompile Include="..\..\..\Libraries\Lua\Src\lapi.c">
      <Filter>源文件\Libraries\Lua</Filter>
    </ClCompile>
    <ClCompile Include="..\..\..\Libraries\Lua\Src\lauxlib.c">
      <Filter>源文件\Libraries\Lua</Filter>
    </ClCompile>
    <ClCompile Include="..\..\..\Libraries\Lua\Src\lbaselib.c">
      <Filter>源文件\Libraries\Lua</Filter>
    </ClCompile>
    <ClCompile Include="..\..\..\Libraries\Lua\Src\lcode.c">
      <Filter>源文件\Libraries\Lua</Filter>
    </ClCompile>
    <ClCompile Include="..\..\..\Libraries\Lua\Src\ldblib.c">
      <Filter>源文件\Libraries\Lua</Filter>
    </ClCompile>
    <ClCompile Include="..\..\..\Libraries\Lua\Src\ldebug.c">
      <Filter>源文件\Libraries\Lua</Filter>
    </ClCompile>
    <ClCompile Include="..\..\..\Libraries\Lua\Src\ldo.c">
      <Filter>源文件\Libraries\Lua</Filter>
    </ClCompile>
    <ClCompile Include="..\..\..\Libraries\Lua\Src\ldump.c">
      <Filter>源文件\Libraries\Lua</Filter>
    </ClCompile>
    <ClCompile Include="..\..\..\Libraries\Lua\Src\lfunc.c">
      <Filter>源文件\Libraries\Lua</Filter>
    </ClCompile>
    <ClCompile Include="..\..\..\Libraries\Lua\Src\lgc.c">
      <Filter>源文件\Libraries\Lua</Filter>
    </ClCompile>
    <ClCompile Include="..\..\..\Libraries\Lua\Src\linit.c">
      <Filter>源文件\Libraries\Lua</Filter>
    </ClCompile>
    <ClCompile Include="..\..\..\Libraries\Lua\Src\liolib.c">
      <Filter>源文件\Libraries\Lua</Filter>
    </ClCompile>
    <ClCompile Include="..\..\..\Libraries\Lua\Src\liptlib.c">
      <Filter>源文件\Libraries\Lua</Filter>
    </ClCompile>
    <ClCompile Include="..\..\..\Libraries\Lua\Src\llex.c">
      <Filter>源文件\Libraries\Lua</Filter>
    </ClCompile>
    <ClCompile Include="..\..\..\Libraries\Lua\Src\lmathlib.c">
      <Filter>源文件\Libraries\Lua</Filter>
    </ClCompile>
    <ClCompile Include="..\..\..\Libraries\Lua\Src\lmem.c">
      <Filter>源文件\Libraries\Lua</Filter>
    </ClCompile>
    <ClCompile Include="..\..\..\Libraries\Lua\Src\loadlib.c">
      <Filter>源文件\Libraries\Lua</Filter>
    </ClCompile>
    <ClCompile Include="..\..\..\Libraries\Lua\Src\lobject.c">
      <Filter>源文件\Libraries\Lua</Filter>
    </ClCompile>
    <ClCompile Include="..\..\..\Libraries\Lua\Src\lopcodes.c">
      <Filter>源文件\Libraries\Lua</Filter>
    </ClCompile>
    <ClCompile Include="..\..\..\Libraries\Lua\Src\loslib.c">
      <Filter>源文件\Libraries\Lua</Filter>
    </ClCompile>
    <ClCompile Include="..\..\..\Libraries\Lua\Src\lparser.c">
      <Filter>源文件\Libraries\Lua</Filter>
    </ClCompile>
    <ClCompile Include="..\..\..\Libraries\Lua\Src\lpwrlib.c">
      <Filter>源文件\Libraries\Lua</Filter>
    </ClCompile>
    <ClCompile Include="..\..\..\Libraries\Lua\Src\lstate.c">
      <Filter>源文件\Libraries\Lua</Filter>
    </ClCompile>
    <ClCompile Include="..\..\..\Libraries\Lua\Src\lstring.c">
      <Filter>源文件\Libraries\Lua</Filter>
    </ClCompile>
    <ClCompile Include="..\..\..\Libraries\Lua\Src\lstrlib.c">
      <Filter>源文件\Libraries\Lua</Filter>
    </ClCompile>
    <ClCompile Include="..\..\..\Libraries\Lua\Src\ltable.c">
      <Filter>源文件\Libraries\Lua</Filter>
    </ClCompile>
    <ClCompile Include="..\..\..\Libraries\Lua\Src\ltablib.c">
      <Filter>源文件\Libraries\Lua</Filter>
    </ClCompile>
    <ClCompile Include="..\..\..\Libraries\Lua\Src\ltm.c">
      <Filter>源文件\Libraries\Lua</Filter>
    </ClCompile>
    <ClCompile Include="..\..\..\Libraries\Lua\Src\lundump.c">
      <Filter>源文件\Libraries\Lua</Filter>
    </ClCompile>
    <ClCompile Include="..\..\..\Libraries\Lua\Src\lvm.c">
      <Filter>源文件\Libraries\Lua</Filter>
    </ClCompile>
    <ClCompile Include="..\..\..\Libraries\Lua\Src\lzio.c">
      <Filter>源文件\Libraries\Lua</Filter>
    </ClCompile>
    <ClCompile Include="..\..\..\Libraries\Lua\Src\print.c">
      <Filter>源文件\Libraries\Lua</Filter>
    </ClCompile>
  </ItemGroup>
  <ItemGroup>
    <Text Include="..\..\..\Docs\00_planning.txt">
      <Filter>源文件\Docs</Filter>
    </Text>
    <Text Include="..\..\..\Docs\00_readme.txt">
      <Filter>源文件\Docs</Filter>
    </Text>
    <Text Include="..\..\..\Docs\metering.txt">
      <Filter>源文件\Docs</Filter>
    </Text>
    <Text Include="..\..\..\Docs\mid_fatfs.txt">
      <Filter>源文件\Docs</Filter>
    </Text>
    <Text Include="..\..\..\Docs\mid_lzo.txt">
      <Filter>源文件\Docs</Filter>
    </Text>
    <Text Include="..\..\..\Docs\mid_mxml.txt">
      <Filter>源文件\Docs</Filter>
    </Text>
    <Text Include="..\..\..\Docs\resource_management.txt">
      <Filter>源文件\Docs</Filter>
    </Text>
  </ItemGroup>
</Project>